<?xml version="1.0" encoding="utf-8"?>
<Project ToolsVersion="4.0" xmlns="http://schemas.microsoft.com/developer/msbuild/2003">
  <ItemGroup>
    <Filter Include="Resource Files">
      <UniqueIdentifier>{67DA6AB6-F800-4c08-8B7A-83BB121AAD01}</UniqueIdentifier>
      <Extensions>rc;ico;cur;bmp;dlg;rc2;rct;bin;rgs;gif;jpg;jpeg;jpe;resx;tiff;tif;png;wav</Extensions>
    </Filter>
    <Filter Include="dsp">
      <UniqueIdentifier>{98e35237-18af-41dd-91f7-24e9505fdfd3}</UniqueIdentifier>
    </Filter>
    <Filter Include="gb">
      <UniqueIdentifier>{4afd6606-abc9-437f-bee7-24c26e86b3ac}</UniqueIdentifier>
    </Filter>
    <Filter Include="nes">
      <UniqueIdentifier>{2eda3191-baeb-440d-b6fe-24cc7b1bc4ff}</UniqueIdentifier>
    </Filter>
    <Filter Include="nes\mappers">
      <UniqueIdentifier>{12853126-3669-4c35-9120-2135c366dc5c}</UniqueIdentifier>
    </Filter>
    <Filter Include="invaders">
      <UniqueIdentifier>{4c6d8717-e07f-4fed-be1b-23efe1ce9dac}</UniqueIdentifier>
    </Filter>
    <Filter Include="pacman">
      <UniqueIdentifier>{98fa7a18-be0f-41be-8e6c-2e4eda6b89ee}</UniqueIdentifier>
    </Filter>
    <Filter Include="sms">
      <UniqueIdentifier>{3b66f9ea-2dfd-4e43-8f7a-e2954d0405f2}</UniqueIdentifier>
    </Filter>
    <Filter Include="z80">
      <UniqueIdentifier>{e6e75d8d-f9fd-421c-98f5-1cfdd6d1e552}</UniqueIdentifier>
    </Filter>
  </ItemGroup>
  <ItemGroup>
    <ClCompile Include="nes\cpu.cpp">
      <Filter>nes</Filter>
    </ClCompile>
    <ClCompile Include="nes\joypad.cpp">
      <Filter>nes</Filter>
    </ClCompile>
    <ClCompile Include="nes\mapper.cpp">
      <Filter>nes</Filter>
    </ClCompile>
    <ClCompile Include="nes\nes.cpp">
      <Filter>nes</Filter>
    </ClCompile>
    <ClCompile Include="nes\ppu.cpp">
      <Filter>nes</Filter>
    </ClCompile>
    <ClCompile Include="nes\mappers\vrc7_audio.cpp">
      <Filter>nes\mappers</Filter>
    </ClCompile>
    <ClCompile Include="sms\psg.cpp">
      <Filter>sms</Filter>
    </ClCompile>
    <ClCompile Include="sms\sms.cpp">
      <Filter>sms</Filter>
    </ClCompile>
    <ClCompile Include="sms\vdp.cpp">
      <Filter>sms</Filter>
    </ClCompile>
    <ClCompile Include="gb\gb.cpp">
      <Filter>gb</Filter>
    </ClCompile>
    <ClCompile Include="gb\gbmapper.cpp">
      <Filter>gb</Filter>
    </ClCompile>
    <ClCompile Include="gb\gbppu.cpp">
      <Filter>gb</Filter>
    </ClCompile>
    <ClCompile Include="gb\sm83.cpp">
      <Filter>gb</Filter>
    </ClCompile>
    <ClCompile Include="gb\mbc1.cpp">
      <Filter>gb</Filter>
    </ClCompile>
    <ClCompile Include="gb\mbc3.cpp">
      <Filter>gb</Filter>
    </ClCompile>
    <ClCompile Include="gb\gbapu.cpp">
      <Filter>gb</Filter>
    </ClCompile>
    <ClCompile Include="gb\mbc2.cpp">
      <Filter>gb</Filter>
    </ClCompile>
    <ClCompile Include="nes\game_genie.cpp">
      <Filter>nes</Filter>
    </ClCompile>
    <ClCompile Include="gb\mbc5.cpp">
      <Filter>gb</Filter>
    </ClCompile>
    <ClCompile Include="pacman\pacman.cpp">
      <Filter>pacman</Filter>
    </ClCompile>
    <ClCompile Include="pacman\pacman_vid.cpp">
      <Filter>pacman</Filter>
    </ClCompile>
    <ClCompile Include="pacman\pacman_psg.cpp">
      <Filter>pacman</Filter>
    </ClCompile>
    <ClCompile Include="z80\z80.ixx">
      <Filter>z80</Filter>
    </ClCompile>
    <ClCompile Include="dsp\dsp.ixx">
      <Filter>dsp</Filter>
    </ClCompile>
    <ClCompile Include="dsp\biquad.ixx">
      <Filter>dsp</Filter>
    </ClCompile>
    <ClCompile Include="dsp\biquad4.ixx">
      <Filter>dsp</Filter>
    </ClCompile>
    <ClCompile Include="dsp\resampler.ixx">
      <Filter>dsp</Filter>
    </ClCompile>
    <ClCompile Include="dsp\audio_filter.ixx">
      <Filter>dsp</Filter>
    </ClCompile>
    <ClCompile Include="pacman\mspacman.cpp">
      <Filter>pacman</Filter>
    </ClCompile>
    <ClCompile Include="invaders\invaders.cpp">
      <Filter>invaders</Filter>
    </ClCompile>
    <ClCompile Include="dsp\null_filter.ixx">
      <Filter>dsp</Filter>
    </ClCompile>
    <ClCompile Include="invaders\sample_channel.cpp">
      <Filter>invaders</Filter>
    </ClCompile>
    <ClCompile Include="nes\mappers\mapper212.ixx">
      <Filter>nes\mappers</Filter>
    </ClCompile>
    <ClCompile Include="nes\mappers\mapper202.ixx">
      <Filter>nes\mappers</Filter>
    </ClCompile>
    <ClCompile Include="nes\mappers\mapper1.ixx">
      <Filter>nes\mappers</Filter>
    </ClCompile>
    <ClCompile Include="nes\mappers\mapper0.ixx">
      <Filter>nes\mappers</Filter>
    </ClCompile>
    <ClCompile Include="nes\mappers\mapper2.ixx">
      <Filter>nes\mappers</Filter>
    </ClCompile>
    <ClCompile Include="nes\mappers\mapper3.ixx">
      <Filter>nes\mappers</Filter>
    </ClCompile>
    <ClCompile Include="nes\mappers\mapper4.ixx">
      <Filter>nes\mappers</Filter>
    </ClCompile>
    <ClCompile Include="nes\mappers\mapper7.ixx">
      <Filter>nes\mappers</Filter>
    </ClCompile>
    <ClCompile Include="nes\mappers\mapper95.ixx">
      <Filter>nes\mappers</Filter>
    </ClCompile>
    <ClCompile Include="nes\mappers\mapper9.ixx">
      <Filter>nes\mappers</Filter>
    </ClCompile>
    <ClCompile Include="nes\mappers\mapper8.ixx">
      <Filter>nes\mappers</Filter>
    </ClCompile>
    <ClCompile Include="nes\mappers\mapper10.ixx">
      <Filter>nes\mappers</Filter>
    </ClCompile>
    <ClCompile Include="nes\mappers\mapper11.ixx">
      <Filter>nes\mappers</Filter>
    </ClCompile>
    <ClCompile Include="nes\mappers\mapper13.ixx">
      <Filter>nes\mappers</Filter>
    </ClCompile>
    <ClCompile Include="nes\mappers\mapper15.ixx">
      <Filter>nes\mappers</Filter>
    </ClCompile>
    <ClCompile Include="nes\mappers\mapper16.ixx">
      <Filter>nes\mappers</Filter>
    </ClCompile>
    <ClCompile Include="nes\mappers\mapper18.ixx">
      <Filter>nes\mappers</Filter>
    </ClCompile>
    <ClCompile Include="nes\mappers\mapper19.ixx">
      <Filter>nes\mappers</Filter>
    </ClCompile>
    <ClCompile Include="nes\mappers\mapper24.ixx">
      <Filter>nes\mappers</Filter>
    </ClCompile>
    <ClCompile Include="nes\mappers\mapper32.ixx">
      <Filter>nes\mappers</Filter>
    </ClCompile>
    <ClCompile Include="nes\mappers\mapper33.ixx">
      <Filter>nes\mappers</Filter>
    </ClCompile>
    <ClCompile Include="nes\mappers\mapper34.ixx">
      <Filter>nes\mappers</Filter>
    </ClCompile>
    <ClCompile Include="nes\mappers\mapper40.ixx">
      <Filter>nes\mappers</Filter>
    </ClCompile>
    <ClCompile Include="nes\mappers\mapper41.ixx">
      <Filter>nes\mappers</Filter>
    </ClCompile>
    <ClCompile Include="nes\mappers\mapper42.ixx">
      <Filter>nes\mappers</Filter>
    </ClCompile>
    <ClCompile Include="nes\mappers\mapper44.ixx">
      <Filter>nes\mappers</Filter>
    </ClCompile>
    <ClCompile Include="nes\mappers\mapper47.ixx">
      <Filter>nes\mappers</Filter>
    </ClCompile>
    <ClCompile Include="nes\mappers\mapper64.ixx">
      <Filter>nes\mappers</Filter>
    </ClCompile>
    <ClCompile Include="nes\mappers\mapper65.ixx">
      <Filter>nes\mappers</Filter>
    </ClCompile>
    <ClCompile Include="nes\mappers\mapper66.ixx">
      <Filter>nes\mappers</Filter>
    </ClCompile>
    <ClCompile Include="nes\mappers\mapper67.ixx">
      <Filter>nes\mappers</Filter>
    </ClCompile>
    <ClCompile Include="nes\mappers\mapper68.ixx">
      <Filter>nes\mappers</Filter>
    </ClCompile>
    <ClCompile Include="nes\mappers\mapper69.ixx">
      <Filter>nes\mappers</Filter>
    </ClCompile>
    <ClCompile Include="nes\mappers\mapper70.ixx">
      <Filter>nes\mappers</Filter>
    </ClCompile>
    <ClCompile Include="nes\mappers\mapper71.ixx">
      <Filter>nes\mappers</Filter>
    </ClCompile>
    <ClCompile Include="nes\mappers\mapper72.ixx">
      <Filter>nes\mappers</Filter>
    </ClCompile>
    <ClCompile Include="nes\mappers\mapper73.ixx">
      <Filter>nes\mappers</Filter>
    </ClCompile>
    <ClCompile Include="nes\mappers\mapper75.ixx">
      <Filter>nes\mappers</Filter>
    </ClCompile>
    <ClCompile Include="nes\mappers\mapper76.ixx">
      <Filter>nes\mappers</Filter>
    </ClCompile>
    <ClCompile Include="nes\mappers\mapper77.ixx">
      <Filter>nes\mappers</Filter>
    </ClCompile>
    <ClCompile Include="nes\mappers\mapper78.ixx">
      <Filter>nes\mappers</Filter>
    </ClCompile>
    <ClCompile Include="nes\mappers\mapper79.ixx">
      <Filter>nes\mappers</Filter>
    </ClCompile>
    <ClCompile Include="nes\mappers\mapper80.ixx">
      <Filter>nes\mappers</Filter>
    </ClCompile>
    <ClCompile Include="nes\mappers\mapper82.ixx">
      <Filter>nes\mappers</Filter>
    </ClCompile>
    <ClCompile Include="nes\mappers\mapper85.ixx">
      <Filter>nes\mappers</Filter>
    </ClCompile>
    <ClCompile Include="nes\mappers\mapper86.ixx">
      <Filter>nes\mappers</Filter>
    </ClCompile>
    <ClCompile Include="nes\mappers\mapper87.ixx">
      <Filter>nes\mappers</Filter>
    </ClCompile>
    <ClCompile Include="nes\mappers\mapper88.ixx">
      <Filter>nes\mappers</Filter>
    </ClCompile>
    <ClCompile Include="nes\mappers\mapper89.ixx">
      <Filter>nes\mappers</Filter>
    </ClCompile>
    <ClCompile Include="nes\mappers\mapper92.ixx">
      <Filter>nes\mappers</Filter>
    </ClCompile>
    <ClCompile Include="nes\mappers\mapper93.ixx">
      <Filter>nes\mappers</Filter>
    </ClCompile>
    <ClCompile Include="nes\mappers\mapper94.ixx">
      <Filter>nes\mappers</Filter>
    </ClCompile>
    <ClCompile Include="nes\mappers\mapper97.ixx">
      <Filter>nes\mappers</Filter>
    </ClCompile>
    <ClCompile Include="nes\mappers\mapper103.ixx">
      <Filter>nes\mappers</Filter>
    </ClCompile>
    <ClCompile Include="nes\mappers\mapper105.ixx">
      <Filter>nes\mappers</Filter>
    </ClCompile>
    <ClCompile Include="nes\mappers\mapper112.ixx">
      <Filter>nes\mappers</Filter>
    </ClCompile>
    <ClCompile Include="nes\mappers\mapper113.ixx">
      <Filter>nes\mappers</Filter>
    </ClCompile>
    <ClCompile Include="nes\mappers\mapper115.ixx">
      <Filter>nes\mappers</Filter>
    </ClCompile>
    <ClCompile Include="nes\mappers\mapper118.ixx">
      <Filter>nes\mappers</Filter>
    </ClCompile>
    <ClCompile Include="nes\mappers\mapper119.ixx">
      <Filter>nes\mappers</Filter>
    </ClCompile>
    <ClCompile Include="nes\mappers\mapper140.ixx">
      <Filter>nes\mappers</Filter>
    </ClCompile>
    <ClCompile Include="nes\mappers\mapper146.ixx">
      <Filter>nes\mappers</Filter>
    </ClCompile>
    <ClCompile Include="nes\mappers\mapper152.ixx">
      <Filter>nes\mappers</Filter>
    </ClCompile>
    <ClCompile Include="nes\mappers\mapper180.ixx">
      <Filter>nes\mappers</Filter>
    </ClCompile>
    <ClCompile Include="nes\mappers\mapper184.ixx">
      <Filter>nes\mappers</Filter>
    </ClCompile>
    <ClCompile Include="nes\mappers\mapper185.ixx">
      <Filter>nes\mappers</Filter>
    </ClCompile>
    <ClCompile Include="nes\mappers\mapper189.ixx">
      <Filter>nes\mappers</Filter>
    </ClCompile>
    <ClCompile Include="nes\mappers\mapper190.ixx">
      <Filter>nes\mappers</Filter>
    </ClCompile>
    <ClCompile Include="nes\mappers\mapper193.ixx">
      <Filter>nes\mappers</Filter>
    </ClCompile>
    <ClCompile Include="nes\mappers\mapper228.ixx">
      <Filter>nes\mappers</Filter>
    </ClCompile>
    <ClCompile Include="nes\mappers\mapper232.ixx">
      <Filter>nes\mappers</Filter>
    </ClCompile>
    <ClCompile Include="nes\mappers\mapper243.ixx">
      <Filter>nes\mappers</Filter>
    </ClCompile>
    <ClCompile Include="nes\mappers\mapper_mc_acc.ixx">
      <Filter>nes\mappers</Filter>
    </ClCompile>
    <ClCompile Include="nes\mappers\mapper_mmc6.ixx">
      <Filter>nes\mappers</Filter>
    </ClCompile>
    <ClCompile Include="nes\mappers\mapper_nsf.ixx">
      <Filter>nes\mappers</Filter>
    </ClCompile>
    <ClCompile Include="nes\mappers\mapper_vrc4.ixx">
      <Filter>nes\mappers</Filter>
    </ClCompile>
    <ClCompile Include="nes\mappers\mapper5.ixx">
      <Filter>nes\mappers</Filter>
    </ClCompile>
    <ClCompile Include="nes\apu.cpp">
      <Filter>nes</Filter>
    </ClCompile>
    <ClCompile Include="nes\mapper.ixx">
      <Filter>nes</Filter>
    </ClCompile>
    <ClCompile Include="audio_info.cpp" />
    <ClCompile Include="config.cpp" />
    <ClCompile Include="crc32.ixx" />
    <ClCompile Include="D3d10App.cpp" />
    <ClCompile Include="input_handler.cpp" />
    <ClCompile Include="interpolate.ixx" />
    <ClCompile Include="main.cpp" />
    <ClCompile Include="menu.cpp" />
    <ClCompile Include="nemulator.cpp" />
    <ClCompile Include="nsf_stats.cpp" />
    <ClCompile Include="qam.cpp" />
    <ClCompile Include="random.ixx" />
    <ClCompile Include="sound.cpp" />
    <ClCompile Include="stats.cpp" />
    <ClCompile Include="status.cpp" />
    <ClCompile Include="system_container.cpp" />
    <ClCompile Include="task.cpp" />
    <ClCompile Include="TexturePanel.cpp" />
    <ClCompile Include="TexturePanelItem.cpp" />
    <ClCompile Include="audio_info.ixx" />
    <ClCompile Include="buttons.ixx" />
    <ClCompile Include="class_registry.ixx" />
    <ClCompile Include="config.ixx" />
    <ClCompile Include="constants.ixx" />
    <ClCompile Include="D3d10App.ixx" />
    <ClCompile Include="input_handler.ixx" />
    <ClCompile Include="menu.ixx" />
    <ClCompile Include="nemulator.ixx" />
    <ClCompile Include="nsf_stats.ixx" />
    <ClCompile Include="qam.ixx" />
    <ClCompile Include="sound.ixx" />
    <ClCompile Include="stats.ixx" />
    <ClCompile Include="status.ixx" />
    <ClCompile Include="system.ixx" />
    <ClCompile Include="system_container.ixx" />
    <ClCompile Include="task.ixx" />
    <ClCompile Include="TexturePanel.ixx" />
    <ClCompile Include="TexturePanelItem.ixx" />
  </ItemGroup>
  <ItemGroup>
    <ClInclude Include="gb\gb.h">
      <Filter>gb</Filter>
    </ClInclude>
    <ClInclude Include="gb\gbapu.h">
      <Filter>gb</Filter>
    </ClInclude>
    <ClInclude Include="gb\gbmapper.h">
      <Filter>gb</Filter>
    </ClInclude>
    <ClInclude Include="gb\gbppu.h">
      <Filter>gb</Filter>
    </ClInclude>
    <ClInclude Include="gb\mbc1.h">
      <Filter>gb</Filter>
    </ClInclude>
    <ClInclude Include="gb\mbc2.h">
      <Filter>gb</Filter>
    </ClInclude>
    <ClInclude Include="gb\mbc3.h">
      <Filter>gb</Filter>
    </ClInclude>
    <ClInclude Include="gb\mbc5.h">
      <Filter>gb</Filter>
    </ClInclude>
    <ClInclude Include="gb\sm83.h">
      <Filter>gb</Filter>
    </ClInclude>
    <ClInclude Include="nes\apu.h">
      <Filter>nes</Filter>
    </ClInclude>
    <ClInclude Include="nes\cartdb.h">
      <Filter>nes</Filter>
    </ClInclude>
    <ClInclude Include="nes\cpu.h">
      <Filter>nes</Filter>
    </ClInclude>
    <ClInclude Include="nes\game_genie.h">
      <Filter>nes</Filter>
    </ClInclude>
    <ClInclude Include="nes\ines.h">
      <Filter>nes</Filter>
    </ClInclude>
    <ClInclude Include="nes\joypad.h">
      <Filter>nes</Filter>
    </ClInclude>
    <ClInclude Include="nes\mirroring_types.h">
      <Filter>nes</Filter>
    </ClInclude>
    <ClInclude Include="nes\nes.h">
      <Filter>nes</Filter>
    </ClInclude>
    <ClInclude Include="nes\ppu.h">
      <Filter>nes</Filter>
    </ClInclude>
    <ClInclude Include="nes\mappers\mapper_nsf_rom.h">
      <Filter>nes\mappers</Filter>
    </ClInclude>
    <ClInclude Include="nes\mappers\vrc7_audio.h">
      <Filter>nes\mappers</Filter>
    </ClInclude>
    <ClInclude Include="invaders\invaders.h">
      <Filter>invaders</Filter>
    </ClInclude>
    <ClInclude Include="invaders\sample_channel.h">
      <Filter>invaders</Filter>
    </ClInclude>
    <ClInclude Include="pacman\mspacman.h">
      <Filter>pacman</Filter>
    </ClInclude>
    <ClInclude Include="pacman\pacman.h">
      <Filter>pacman</Filter>
    </ClInclude>
    <ClInclude Include="pacman\pacman_psg.h">
      <Filter>pacman</Filter>
    </ClInclude>
    <ClInclude Include="pacman\pacman_vid.h">
      <Filter>pacman</Filter>
    </ClInclude>
    <ClInclude Include="sms\crc.h">
      <Filter>sms</Filter>
    </ClInclude>
    <ClInclude Include="sms\psg.h">
      <Filter>sms</Filter>
    </ClInclude>
    <ClInclude Include="sms\sms.h">
      <Filter>sms</Filter>
    </ClInclude>
    <ClInclude Include="sms\vdp.h">
      <Filter>sms</Filter>
    </ClInclude>
    <ClInclude Include="benchmark.h" />
    <ClInclude Include="meow_fft.h" />
    <ClInclude Include="resource.h" />
  </ItemGroup>
  <ItemGroup>
    <FxCompile Include="effect.fx" />
    <FxCompile Include="effect2.fx" />
  </ItemGroup>
  <ItemGroup>
    <ResourceCompile Include="nemulator.rc">
      <Filter>Resource Files</Filter>
    </ResourceCompile>
  </ItemGroup>
  <ItemGroup>
    <Image Include="nes_ELf_icon.ico">
      <Filter>Resource Files</Filter>
    </Image>
  </ItemGroup>
  <ItemGroup>
    <None Include=".clang-format">
      <Filter>Resource Files</Filter>
    </None>
  </ItemGroup>
</Project>